// This lockfile was autogenerated by Pants. To regenerate, run:
//
//    pants generate-lockfiles --resolve=python-default
//
// --- BEGIN PANTS LOCKFILE METADATA: DO NOT EDIT OR REMOVE ---
// {
//   "version": 3,
//   "valid_for_interpreter_constraints": [
//     "CPython<3.12,>=3.11"
//   ],
//   "generated_with_requirements": [
//     "assertpy~=1.1",
//     "punq~=0.7.0",
//     "structlog~=25.4.0"
//   ],
//   "manylinux": "manylinux2014",
//   "requirement_constraints": [],
//   "only_binary": [],
//   "no_binary": []
// }
// --- END PANTS LOCKFILE METADATA ---

{
  "allow_builds": true,
  "allow_prereleases": false,
  "allow_wheels": true,
  "build_isolation": true,
  "constraints": [],
  "excluded": [],
  "locked_resolves": [
    {
      "locked_requirements": [
        {
          "artifacts": [
            {
              "algorithm": "sha256",
              "hash": "acc64329934ad71a3221de185517a43af33e373bb44dc05b5a9b174394ef4833",
              "url": "https://files.pythonhosted.org/packages/4f/39/720b5d4463612a40a166d00999cbb715fce3edaf08a9a7588ba5985699ec/assertpy-1.1.tar.gz"
            }
          ],
          "project_name": "assertpy",
          "requires_dists": [],
          "requires_python": null,
          "version": "1.1"
        },
        {
          "artifacts": [
            {
              "algorithm": "sha256",
              "hash": "7e0aca446c36a73674ec3fc078ec5e90e7a172ee349537d075ff20d73c3b1810",
              "url": "https://files.pythonhosted.org/packages/92/6a/c89602766d4416371eb801c3de89eda45fcea4435836ba7c01d1da88d47a/punq-0.7.0-py3-none-any.whl"
            },
            {
              "algorithm": "sha256",
              "hash": "bb7a6cc75a2e7d51b861b0e11f4830a12617b3ee33dbced9ce2be6a98ba39d63",
              "url": "https://files.pythonhosted.org/packages/e6/f1/c31e86ce1ab85837d8e6a6868163bae3afaef01c49d45f1bfa479c1a5b90/punq-0.7.0.tar.gz"
            }
          ],
          "project_name": "punq",
          "requires_dists": [],
          "requires_python": "<4.0,>=3.8.1",
          "version": "0.7.0"
        },
        {
          "artifacts": [
            {
              "algorithm": "sha256",
              "hash": "fe809ff5c27e557d14e613f45ca441aabda051d119ee5a0102aaba6ce40eed2c",
              "url": "https://files.pythonhosted.org/packages/a0/4a/97ee6973e3a73c74c8120d59829c3861ea52210667ec3e7a16045c62b64d/structlog-25.4.0-py3-none-any.whl"
            },
            {
              "algorithm": "sha256",
              "hash": "186cd1b0a8ae762e29417095664adf1d6a31702160a46dacb7796ea82f7409e4",
              "url": "https://files.pythonhosted.org/packages/79/b9/6e672db4fec07349e7a8a8172c1a6ae235c58679ca29c3f86a61b5e59ff3/structlog-25.4.0.tar.gz"
            }
          ],
          "project_name": "structlog",
          "requires_dists": [
            "typing-extensions; python_version < \"3.11\""
          ],
          "requires_python": ">=3.8",
          "version": "25.4.0"
        }
      ],
      "platform_tag": null
    }
  ],
  "only_builds": [],
  "only_wheels": [],
  "overridden": [],
  "path_mappings": {},
  "pex_version": "2.20.3",
  "pip_version": "24.2",
  "prefer_older_binary": false,
  "requirements": [
    "assertpy~=1.1",
    "punq~=0.7.0",
    "structlog~=25.4.0"
  ],
  "requires_python": [
    "<3.12,>=3.11"
  ],
  "resolver_version": "pip-2020-resolver",
  "style": "universal",
  "target_systems": [
    "linux",
    "mac"
  ],
  "transitive": true,
  "use_pep517": null,
  "use_system_time": false
}
